{
  "originHash" : "544296d38e7ede095f5acc4d03c70546ef683a7fe6c4eb62523a36ec85a07e55",
  "pins" : [
    {
      "identity" : "flyingfox",
      "kind" : "remoteSourceControl",
      "location" : "https://github.com/swhitty/FlyingFox",
      "state" : {
        "branch" : "main",
        "revision" : "1381625e3ae337903aff573f8fc621e8dd5a6f6d"
      }
    },
    {
      "identity" : "ink",
      "kind" : "remoteSourceControl",
      "location" : "https://github.com/JohnSundell/Ink",
      "state" : {
        "branch" : "master",
        "revision" : "bcc9f219900a62c4210e6db726035d7f03ae757b"
      }
    },
    {
      "identity" : "lilhtml.swift",
      "kind" : "remoteSourceControl",
      "location" : "https://github.com/nakajima/LilHTML.swift",
      "state" : {
        "branch" : "main",
        "revision" : "be65e75131f5cb7b49e46b06525c47f553efdeae"
      }
    },
    {
      "identity" : "plot",
      "kind" : "remoteSourceControl",
      "location" : "https://github.com/JohnSundell/Plot",
      "state" : {
        "branch" : "master",
        "revision" : "431c27c9ac97f8bcf6047b5bdbaef91b95a5330b"
      }
    },
    {
      "identity" : "splash",
      "kind" : "remoteSourceControl",
      "location" : "https://github.com/JohnSundell/Splash",
      "state" : {
        "branch" : "master",
        "revision" : "2e3f17c2d09689c8bf175c4a84ff7f2ad3353301"
      }
    },
    {
      "identity" : "swift-argument-parser",
      "kind" : "remoteSourceControl",
      "location" : "https://github.com/apple/swift-argument-parser",
      "state" : {
        "branch" : "main",
        "revision" : "7f4ce2deef0560c69fa0462a4e67c311e259ccb2"
      }
    },
    {
      "identity" : "tomlkit",
      "kind" : "remoteSourceControl",
      "location" : "https://github.com/LebJe/TOMLKit",
      "state" : {
        "revision" : "ec6198d37d495efc6acd4dffbd262cdca7ff9b3f",
        "version" : "0.6.0"
      }
    },
    {
      "identity" : "typographizer",
      "kind" : "remoteSourceControl",
      "location" : "https://github.com/nakajima/Typographizer",
      "state" : {
        "branch" : "main",
        "revision" : "896f76a4f1cf59ad1c243aaf72f81ddbd85b99a1"
      }
    }
  ],
  "version" : 3
}
